
Microsoft Visual Studio Solution File, Format Version 12.00
# Visual Studio Version 16
VisualStudioVersion = 16.0.32413.511
MinimumVisualStudioVersion = 10.0.40219.1
Project("{8BC9CEB8-8B4A-11D0-8D11-00A0C91BC942}") = "map_quality_check_tools", "map_quality_check_tools.vcxproj", "{C69159F5-4369-4F5B-AF0A-F2BD31496240}"
EndProject
Global
	GlobalSection(SolutionConfigurationPlatforms) = preSolution
		Debug|x64 = Debug|x64
		MinSizeRel|x64 = MinSizeRel|x64
		Release|x64 = Release|x64
		RelWithDebInfo|x64 = RelWithDebInfo|x64
	EndGlobalSection
	GlobalSection(ProjectConfigurationPlatforms) = postSolution
		{C69159F5-4369-4F5B-AF0A-F2BD31496240}.Debug|x64.ActiveCfg = Debug|x64
		{C69159F5-4369-4F5B-AF0A-F2BD31496240}.Debug|x64.Build.0 = Debug|x64
		{C69159F5-4369-4F5B-AF0A-F2BD31496240}.MinSizeRel|x64.ActiveCfg = MinSizeRel|x64
		{C69159F5-4369-4F5B-AF0A-F2BD31496240}.MinSizeRel|x64.Build.0 = MinSizeRel|x64
		{C69159F5-4369-4F5B-AF0A-F2BD31496240}.Release|x64.ActiveCfg = Release|x64
		{C69159F5-4369-4F5B-AF0A-F2BD31496240}.Release|x64.Build.0 = Release|x64
		{C69159F5-4369-4F5B-AF0A-F2BD31496240}.RelWithDebInfo|x64.ActiveCfg = RelWithDebInfo|x64
		{C69159F5-4369-4F5B-AF0A-F2BD31496240}.RelWithDebInfo|x64.Build.0 = RelWithDebInfo|x64
	EndGlobalSection
	GlobalSection(SolutionProperties) = preSolution
		HideSolutionNode = FALSE
	EndGlobalSection
	GlobalSection(ExtensibilityGlobals) = postSolution
		SolutionGuid = {0D246FE3-03F4-469D-B44C-7F620207BCEF}
	EndGlobalSection
EndGlobal
